
Microsoft Visual Studio Solution File, Format Version 12.00
# Visual Studio Version 16
VisualStudioVersion = 16.0.29709.97
MinimumVisualStudioVersion = 10.0.40219.1
Project("{FAE04EC0-301F-11D3-BF4B-00C04F79EFBC}") = "5-6", "5-6.csproj", "{0841D1E7-4E89-477A-9FAE-93DECA832E84}"
EndProject
Global
	GlobalSection(SolutionConfigurationPlatforms) = preSolution
		Debug|Any CPU = Debug|Any CPU
		Release|Any CPU = Release|Any CPU
	EndGlobalSection
	GlobalSection(ProjectConfigurationPlatforms) = postSolution
		{0841D1E7-4E89-477A-9FAE-93DECA832E84}.Debug|Any CPU.ActiveCfg = Debug|Any CPU
		{0841D1E7-4E89-477A-9FAE-93DECA832E84}.Debug|Any CPU.Build.0 = Debug|Any CPU
		{0841D1E7-4E89-477A-9FAE-93DECA832E84}.Release|Any CPU.ActiveCfg = Release|Any CPU
		{0841D1E7-4E89-477A-9FAE-93DECA832E84}.Release|Any CPU.Build.0 = Release|Any CPU
	EndGlobalSection
	GlobalSection(SolutionProperties) = preSolution
		HideSolutionNode = FALSE
	EndGlobalSection
	GlobalSection(ExtensibilityGlobals) = postSolution
		SolutionGuid = {D3DFDBC5-4FAE-48FB-9E4D-67EC0056F2F8}
	EndGlobalSection
EndGlobal
