
Microsoft Visual Studio Solution File, Format Version 12.00
# Visual Studio Version 16
VisualStudioVersion = 16.0.29709.97
MinimumVisualStudioVersion = 10.0.40219.1
Project("{FAE04EC0-301F-11D3-BF4B-00C04F79EFBC}") = "5-5", "5-5.csproj", "{573407A4-7E4B-4C15-A108-DFBCDE8DFD4C}"
EndProject
Global
	GlobalSection(SolutionConfigurationPlatforms) = preSolution
		Debug|Any CPU = Debug|Any CPU
		Release|Any CPU = Release|Any CPU
	EndGlobalSection
	GlobalSection(ProjectConfigurationPlatforms) = postSolution
		{573407A4-7E4B-4C15-A108-DFBCDE8DFD4C}.Debug|Any CPU.ActiveCfg = Debug|Any CPU
		{573407A4-7E4B-4C15-A108-DFBCDE8DFD4C}.Debug|Any CPU.Build.0 = Debug|Any CPU
		{573407A4-7E4B-4C15-A108-DFBCDE8DFD4C}.Release|Any CPU.ActiveCfg = Release|Any CPU
		{573407A4-7E4B-4C15-A108-DFBCDE8DFD4C}.Release|Any CPU.Build.0 = Release|Any CPU
	EndGlobalSection
	GlobalSection(SolutionProperties) = preSolution
		HideSolutionNode = FALSE
	EndGlobalSection
	GlobalSection(ExtensibilityGlobals) = postSolution
		SolutionGuid = {CD123A15-068F-46DF-AEC8-81FF3BF0C2BB}
	EndGlobalSection
EndGlobal
