
Microsoft Visual Studio Solution File, Format Version 12.00
# Visual Studio Version 16
VisualStudioVersion = 16.0.31005.135
MinimumVisualStudioVersion = 10.0.40219.1
Project("{FAE04EC0-301F-11D3-BF4B-00C04F79EFBC}") = "6-6", "6-6.csproj", "{2BCDA86D-DC25-45F0-A371-6999C62BBE07}"
EndProject
Global
	GlobalSection(SolutionConfigurationPlatforms) = preSolution
		Debug|Any CPU = Debug|Any CPU
		Release|Any CPU = Release|Any CPU
	EndGlobalSection
	GlobalSection(ProjectConfigurationPlatforms) = postSolution
		{2BCDA86D-DC25-45F0-A371-6999C62BBE07}.Debug|Any CPU.ActiveCfg = Debug|Any CPU
		{2BCDA86D-DC25-45F0-A371-6999C62BBE07}.Debug|Any CPU.Build.0 = Debug|Any CPU
		{2BCDA86D-DC25-45F0-A371-6999C62BBE07}.Release|Any CPU.ActiveCfg = Release|Any CPU
		{2BCDA86D-DC25-45F0-A371-6999C62BBE07}.Release|Any CPU.Build.0 = Release|Any CPU
	EndGlobalSection
	GlobalSection(SolutionProperties) = preSolution
		HideSolutionNode = FALSE
	EndGlobalSection
	GlobalSection(ExtensibilityGlobals) = postSolution
		SolutionGuid = {4797720C-A1D2-44E6-9AFB-8611C83B3D00}
	EndGlobalSection
EndGlobal
